// !$*UTF8*$!
{
	archiveVersion = 1;
	classes = {
	};
	objectVersion = 56;
	objects = {

/* Begin PBXBuildFile section */
		DAED9FC22B2856DB00A6D246 /* AppDelegate.swift in Sources */ = {isa = PBXBuildFile; fileRef = DAED9FC12B2856DB00A6D246 /* AppDelegate.swift */; };
		DAED9FC42B2856DB00A6D246 /* SceneDelegate.swift in Sources */ = {isa = PBXBuildFile; fileRef = DAED9FC32B2856DB00A6D246 /* SceneDelegate.swift */; };
		DAED9FC62B2856DB00A6D246 /* ViewController.swift in Sources */ = {isa = PBXBuildFile; fileRef = DAED9FC52B2856DB00A6D246 /* ViewController.swift */; };
		DAED9FC92B2856DB00A6D246 /* Main.storyboard in Resources */ = {isa = PBXBuildFile; fileRef = DAED9FC72B2856DB00A6D246 /* Main.storyboard */; };
		DAED9FCB2B2856DE00A6D246 /* Assets.xcassets in Resources */ = {isa = PBXBuildFile; fileRef = DAED9FCA2B2856DE00A6D246 /* Assets.xcassets */; };
		DAED9FCE2B2856DE00A6D246 /* LaunchScreen.storyboard in Resources */ = {isa = PBXBuildFile; fileRef = DAED9FCC2B2856DE00A6D246 /* LaunchScreen.storyboard */; };
/* End PBXBuildFile section */

/* Begin PBXFileReference section */
		DAED9FBE2B2856DB00A6D246 /* QRCodeCreaterAndReader.app */ = {isa = PBXFileReference; explicitFileType = wrapper.application; includeInIndex = 0; path = QRCodeCreaterAndReader.app; sourceTree = BUILT_PRODUCTS_DIR; };
		DAED9FC12B2856DB00A6D246 /* AppDelegate.swift */ = {isa = PBXFileReference; lastKnownFileType = sourcecode.swift; path = AppDelegate.swift; sourceTree = "<group>"; };
		DAED9FC32B2856DB00A6D246 /* SceneDelegate.swift */ = {isa = PBXFileReference; lastKnownFileType = sourcecode.swift; path = SceneDelegate.swift; sourceTree = "<group>"; };
		DAED9FC52B2856DB00A6D246 /* ViewController.swift */ = {isa = PBXFileReference; lastKnownFileType = sourcecode.swift; path = ViewController.swift; sourceTree = "<group>"; };
		DAED9FC82B2856DB00A6D246 /* Base */ = {isa = PBXFileReference; lastKnownFileType = file.storyboard; name = Base; path = Base.lproj/Main.storyboard; sourceTree = "<group>"; };
		DAED9FCA2B2856DE00A6D246 /* Assets.xcassets */ = {isa = PBXFileReference; lastKnownFileType = folder.assetcatalog; path = Assets.xcassets; sourceTree = "<group>"; };
		DAED9FCD2B2856DE00A6D246 /* Base */ = {isa = PBXFileReference; lastKnownFileType = file.storyboard; name = Base; path = Base.lproj/LaunchScreen.storyboard; sourceTree = "<group>"; };
		DAED9FCF2B2856DE00A6D246 /* Info.plist */ = {isa = PBXFileReference; lastKnownFileType = text.plist.xml; path = Info.plist; sourceTree = "<group>"; };
/* End PBXFileReference section */

/* Begin PBXFrameworksBuildPhase section */
		DAED9FBB2B2856DA00A6D246 /* Frameworks */ = {
			isa = PBXFrameworksBuildPhase;
			buildActionMask = 2147483647;
			files = (
			);
			runOnlyForDeploymentPostprocessing = 0;
		};
/* End PBXFrameworksBuildPhase section */

/* Begin PBXGroup section */
		DAED9FB52B2856DA00A6D246 = {
			isa = PBXGroup;
			children = (
				DAED9FC02B2856DB00A6D246 /* QRCodeCreaterAndReader */,
				DAED9FBF2B2856DB00A6D246 /* Products */,
			);
			sourceTree = "<group>";
		};
		DAED9FBF2B2856DB00A6D246 /* Products */ = {
			isa = PBXGroup;
			children = (
				DAED9FBE2B2856DB00A6D246 /* QRCodeCreaterAndReader.app */,
			);
			name = Products;
			sourceTree = "<group>";
		};
		DAED9FC02B2856DB00A6D246 /* QRCodeCreaterAndReader */ = {
			isa = PBXGroup;
			children = (
				DAED9FD52B2856E900A6D246 /* App */,
				DAED9FD62B28572000A6D246 /* Screens */,
			);
			path = QRCodeCreaterAndReader;
			sourceTree = "<group>";
		};
		DAED9FD52B2856E900A6D246 /* App */ = {
			isa = PBXGroup;
			children = (
				DAED9FD92B28573F00A6D246 /* Delegates */,
				DAED9FD82B28573500A6D246 /* Assets */,
				DAED9FD72B28572F00A6D246 /* Plists */,
			);
			path = App;
			sourceTree = "<group>";
		};
		DAED9FD62B28572000A6D246 /* Screens */ = {
			isa = PBXGroup;
			children = (
				DAED9FC52B2856DB00A6D246 /* ViewController.swift */,
				DAED9FC72B2856DB00A6D246 /* Main.storyboard */,
				DAED9FCC2B2856DE00A6D246 /* LaunchScreen.storyboard */,
			);
			path = Screens;
			sourceTree = "<group>";
		};
		DAED9FD72B28572F00A6D246 /* Plists */ = {
			isa = PBXGroup;
			children = (
				DAED9FCF2B2856DE00A6D246 /* Info.plist */,
			);
			path = Plists;
			sourceTree = "<group>";
		};
		DAED9FD82B28573500A6D246 /* Assets */ = {
			isa = PBXGroup;
			children = (
				DAED9FCA2B2856DE00A6D246 /* Assets.xcassets */,
			);
			path = Assets;
			sourceTree = "<group>";
		};
		DAED9FD92B28573F00A6D246 /* Delegates */ = {
			isa = PBXGroup;
			children = (
				DAED9FC12B2856DB00A6D246 /* AppDelegate.swift */,
				DAED9FC32B2856DB00A6D246 /* SceneDelegate.swift */,
			);
			path = Delegates;
			sourceTree = "<group>";
		};
/* End PBXGroup section */

/* Begin PBXNativeTarget section */
		DAED9FBD2B2856DA00A6D246 /* QRCodeCreaterAndReader */ = {
			isa = PBXNativeTarget;
			buildConfigurationList = DAED9FD22B2856DE00A6D246 /* Build configuration list for PBXNativeTarget "QRCodeCreaterAndReader" */;
			buildPhases = (
				DAED9FBA2B2856DA00A6D246 /* Sources */,
				DAED9FBB2B2856DA00A6D246 /* Frameworks */,
				DAED9FBC2B2856DA00A6D246 /* Resources */,
			);
			buildRules = (
			);
			dependencies = (
			);
			name = QRCodeCreaterAndReader;
			productName = QRCodeCreaterAndReader;
			productReference = DAED9FBE2B2856DB00A6D246 /* QRCodeCreaterAndReader.app */;
			productType = "com.apple.product-type.application";
		};
/* End PBXNativeTarget section */

/* Begin PBXProject section */
		DAED9FB62B2856DA00A6D246 /* Project object */ = {
			isa = PBXProject;
			attributes = {
				BuildIndependentTargetsInParallel = 1;
				LastSwiftUpdateCheck = 1500;
				LastUpgradeCheck = 1500;
				TargetAttributes = {
					DAED9FBD2B2856DA00A6D246 = {
						CreatedOnToolsVersion = 15.0;
					};
				};
			};
			buildConfigurationList = DAED9FB92B2856DA00A6D246 /* Build configuration list for PBXProject "QRCodeCreaterAndReader" */;
			compatibilityVersion = "Xcode 14.0";
			developmentRegion = en;
			hasScannedForEncodings = 0;
			knownRegions = (
				en,
				Base,
			);
			mainGroup = DAED9FB52B2856DA00A6D246;
			productRefGroup = DAED9FBF2B2856DB00A6D246 /* Products */;
			projectDirPath = "";
			projectRoot = "";
			targets = (
				DAED9FBD2B2856DA00A6D246 /* QRCodeCreaterAndReader */,
			);
		};
/* End PBXProject section */

/* Begin PBXResourcesBuildPhase section */
		DAED9FBC2B2856DA00A6D246 /* Resources */ = {
			isa = PBXResourcesBuildPhase;
			buildActionMask = 2147483647;
			files = (
				DAED9FCE2B2856DE00A6D246 /* LaunchScreen.storyboard in Resources */,
				DAED9FCB2B2856DE00A6D246 /* Assets.xcassets in Resources */,
				DAED9FC92B2856DB00A6D246 /* Main.storyboard in Resources */,
			);
			runOnlyForDeploymentPostprocessing = 0;
		};
/* End PBXResourcesBuildPhase section */

/* Begin PBXSourcesBuildPhase section */
		DAED9FBA2B2856DA00A6D246 /* Sources */ = {
			isa = PBXSourcesBuildPhase;
			buildActionMask = 2147483647;
			files = (
				DAED9FC62B2856DB00A6D246 /* ViewController.swift in Sources */,
				DAED9FC22B2856DB00A6D246 /* AppDelegate.swift in Sources */,
				DAED9FC42B2856DB00A6D246 /* SceneDelegate.swift in Sources */,
			);
			runOnlyForDeploymentPostprocessing = 0;
		};
/* End PBXSourcesBuildPhase section */

/* Begin PBXVariantGroup section */
		DAED9FC72B2856DB00A6D246 /* Main.storyboard */ = {
			isa = PBXVariantGroup;
			children = (
				DAED9FC82B2856DB00A6D246 /* Base */,
			);
			name = Main.storyboard;
			sourceTree = "<group>";
		};
		DAED9FCC2B2856DE00A6D246 /* LaunchScreen.storyboard */ = {
			isa = PBXVariantGroup;
			children = (
				DAED9FCD2B2856DE00A6D246 /* Base */,
			);
			name = LaunchScreen.storyboard;
			sourceTree = "<group>";
		};
/* End PBXVariantGroup section */

/* Begin XCBuildConfiguration section */
		DAED9FD02B2856DE00A6D246 /* Debug */ = {
			isa = XCBuildConfiguration;
			buildSettings = {
				ALWAYS_SEARCH_USER_PATHS = NO;
				ASSETCATALOG_COMPILER_GENERATE_SWIFT_ASSET_SYMBOL_EXTENSIONS = YES;
				CLANG_ANALYZER_NONNULL = YES;
				CLANG_ANALYZER_NUMBER_OBJECT_CONVERSION = YES_AGGRESSIVE;
				CLANG_CXX_LANGUAGE_STANDARD = "gnu++20";
				CLANG_ENABLE_MODULES = YES;
				CLANG_ENABLE_OBJC_ARC = YES;
				CLANG_ENABLE_OBJC_WEAK = YES;
				CLANG_WARN_BLOCK_CAPTURE_AUTORELEASING = YES;
				CLANG_WARN_BOOL_CONVERSION = YES;
				CLANG_WARN_COMMA = YES;
				CLANG_WARN_CONSTANT_CONVERSION = YES;
				CLANG_WARN_DEPRECATED_OBJC_IMPLEMENTATIONS = YES;
				CLANG_WARN_DIRECT_OBJC_ISA_USAGE = YES_ERROR;
				CLANG_WARN_DOCUMENTATION_COMMENTS = YES;
				CLANG_WARN_EMPTY_BODY = YES;
				CLANG_WARN_ENUM_CONVERSION = YES;
				CLANG_WARN_INFINITE_RECURSION = YES;
				CLANG_WARN_INT_CONVERSION = YES;
				CLANG_WARN_NON_LITERAL_NULL_CONVERSION = YES;
				CLANG_WARN_OBJC_IMPLICIT_RETAIN_SELF = YES;
				CLANG_WARN_OBJC_LITERAL_CONVERSION = YES;
				CLANG_WARN_OBJC_ROOT_CLASS = YES_ERROR;
				CLANG_WARN_QUOTED_INCLUDE_IN_FRAMEWORK_HEADER = YES;
				CLANG_WARN_RANGE_LOOP_ANALYSIS = YES;
				CLANG_WARN_STRICT_PROTOTYPES = YES;
				CLANG_WARN_SUSPICIOUS_MOVE = YES;
				CLANG_WARN_UNGUARDED_AVAILABILITY = YES_AGGRESSIVE;
				CLANG_WARN_UNREACHABLE_CODE = YES;
				CLANG_WARN__DUPLICATE_METHOD_MATCH = YES;
				COPY_PHASE_STRIP = NO;
				DEBUG_INFORMATION_FORMAT = dwarf;
				ENABLE_STRICT_OBJC_MSGSEND = YES;
				ENABLE_TESTABILITY = YES;
				ENABLE_USER_SCRIPT_SANDBOXING = YES;
				GCC_C_LANGUAGE_STANDARD = gnu17;
				GCC_DYNAMIC_NO_PIC = NO;
				GCC_NO_COMMON_BLOCKS = YES;
				GCC_OPTIMIZATION_LEVEL = 0;
				GCC_PREPROCESSOR_DEFINITIONS = (
					"DEBUG=1",
					"$(inherited)",
				);
				GCC_WARN_64_TO_32_BIT_CONVERSION = YES;
				GCC_WARN_ABOUT_RETURN_TYPE = YES_ERROR;
				GCC_WARN_UNDECLARED_SELECTOR = YES;
				GCC_WARN_UNINITIALIZED_AUTOS = YES_AGGRESSIVE;
				GCC_WARN_UNUSED_FUNCTION = YES;
				GCC_WARN_UNUSED_VARIABLE = YES;
				IPHONEOS_DEPLOYMENT_TARGET = 17.0;
				LOCALIZATION_PREFERS_STRING_CATALOGS = YES;
				MTL_ENABLE_DEBUG_INFO = INCLUDE_SOURCE;
				MTL_FAST_MATH = YES;
				ONLY_ACTIVE_ARCH = YES;
				SDKROOT = iphoneos;
				SWIFT_ACTIVE_COMPILATION_CONDITIONS = "DEBUG $(inherited)";
				SWIFT_OPTIMIZATION_LEVEL = "-Onone";
			};
			name = Debug;
		};
		DAED9FD12B2856DE00A6D246 /* Release */ = {
			isa = XCBuildConfiguration;
			buildSettings = {
				ALWAYS_SEARCH_USER_PATHS = NO;
				ASSETCATALOG_COMPILER_GENERATE_SWIFT_ASSET_SYMBOL_EXTENSIONS = YES;
				CLANG_ANALYZER_NONNULL = YES;
				CLANG_ANALYZER_NUMBER_OBJECT_CONVERSION = YES_AGGRESSIVE;
				CLANG_CXX_LANGUAGE_STANDARD = "gnu++20";
				CLANG_ENABLE_MODULES = YES;
				CLANG_ENABLE_OBJC_ARC = YES;
				CLANG_ENABLE_OBJC_WEAK = YES;
				CLANG_WARN_BLOCK_CAPTURE_AUTORELEASING = YES;
				CLANG_WARN_BOOL_CONVERSION = YES;
				CLANG_WARN_COMMA = YES;
				CLANG_WARN_CONSTANT_CONVERSION = YES;
				CLANG_WARN_DEPRECATED_OBJC_IMPLEMENTATIONS = YES;
				CLANG_WARN_DIRECT_OBJC_ISA_USAGE = YES_ERROR;
				CLANG_WARN_DOCUMENTATION_COMMENTS = YES;
				CLANG_WARN_EMPTY_BODY = YES;
				CLANG_WARN_ENUM_CONVERSION = YES;
				CLANG_WARN_INFINITE_RECURSION = YES;
				CLANG_WARN_INT_CONVERSION = YES;
				CLANG_WARN_NON_LITERAL_NULL_CONVERSION = YES;
				CLANG_WARN_OBJC_IMPLICIT_RETAIN_SELF = YES;
				CLANG_WARN_OBJC_LITERAL_CONVERSION = YES;
				CLANG_WARN_OBJC_ROOT_CLASS = YES_ERROR;
				CLANG_WARN_QUOTED_INCLUDE_IN_FRAMEWORK_HEADER = YES;
				CLANG_WARN_RANGE_LOOP_ANALYSIS = YES;
				CLANG_WARN_STRICT_PROTOTYPES = YES;
				CLANG_WARN_SUSPICIOUS_MOVE = YES;
				CLANG_WARN_UNGUARDED_AVAILABILITY = YES_AGGRESSIVE;
				CLANG_WARN_UNREACHABLE_CODE = YES;
				CLANG_WARN__DUPLICATE_METHOD_MATCH = YES;
				COPY_PHASE_STRIP = NO;
				DEBUG_INFORMATION_FORMAT = "dwarf-with-dsym";
				ENABLE_NS_ASSERTIONS = NO;
				ENABLE_STRICT_OBJC_MSGSEND = YES;
				ENABLE_USER_SCRIPT_SANDBOXING = YES;
				GCC_C_LANGUAGE_STANDARD = gnu17;
				GCC_NO_COMMON_BLOCKS = YES;
				GCC_WARN_64_TO_32_BIT_CONVERSION = YES;
				GCC_WARN_ABOUT_RETURN_TYPE = YES_ERROR;
				GCC_WARN_UNDECLARED_SELECTOR = YES;
				GCC_WARN_UNINITIALIZED_AUTOS = YES_AGGRESSIVE;
				GCC_WARN_UNUSED_FUNCTION = YES;
				GCC_WARN_UNUSED_VARIABLE = YES;
				IPHONEOS_DEPLOYMENT_TARGET = 17.0;
				LOCALIZATION_PREFERS_STRING_CATALOGS = YES;
				MTL_ENABLE_DEBUG_INFO = NO;
				MTL_FAST_MATH = YES;
				SDKROOT = iphoneos;
				SWIFT_COMPILATION_MODE = wholemodule;
				VALIDATE_PRODUCT = YES;
			};
			name = Release;
		};
		DAED9FD32B2856DE00A6D246 /* Debug */ = {
			isa = XCBuildConfiguration;
			buildSettings = {
				ASSETCATALOG_COMPILER_APPICON_NAME = AppIcon;
				ASSETCATALOG_COMPILER_GLOBAL_ACCENT_COLOR_NAME = AccentColor;
				CODE_SIGN_STYLE = Automatic;
				CURRENT_PROJECT_VERSION = 1;
				DEVELOPMENT_TEAM = 29CDDB86MT;
				GENERATE_INFOPLIST_FILE = YES;
				INFOPLIST_FILE = QRCodeCreaterAndReader/App/Plists/Info.plist;
				INFOPLIST_KEY_UIApplicationSupportsIndirectInputEvents = YES;
				INFOPLIST_KEY_UILaunchStoryboardName = LaunchScreen;
				INFOPLIST_KEY_UIMainStoryboardFile = Main;
				INFOPLIST_KEY_UISupportedInterfaceOrientations_iPad = "UIInterfaceOrientationPortrait UIInterfaceOrientationPortraitUpsideDown UIInterfaceOrientationLandscapeLeft UIInterfaceOrientationLandscapeRight";
				INFOPLIST_KEY_UISupportedInterfaceOrientations_iPhone = "UIInterfaceOrientationPortrait UIInterfaceOrientationLandscapeLeft UIInterfaceOrientationLandscapeRight";
				LD_RUNPATH_SEARCH_PATHS = (
					"$(inherited)",
					"@executable_path/Frameworks",
				);
				MARKETING_VERSION = 1.0;
				PRODUCT_BUNDLE_IDENTIFIER = com.barkinsungu.QRCodeCreaterAndReader;
				PRODUCT_NAME = "$(TARGET_NAME)";
				SWIFT_EMIT_LOC_STRINGS = YES;
				SWIFT_VERSION = 5.0;
				TARGETED_DEVICE_FAMILY = "1,2";
			};
			name = Debug;
		};
		DAED9FD42B2856DE00A6D246 /* Release */ = {
			isa = XCBuildConfiguration;
			buildSettings = {
				ASSETCATALOG_COMPILER_APPICON_NAME = AppIcon;
				ASSETCATALOG_COMPILER_GLOBAL_ACCENT_COLOR_NAME = AccentColor;
				CODE_SIGN_STYLE = Automatic;
				CURRENT_PROJECT_VERSION = 1;
				DEVELOPMENT_TEAM = 29CDDB86MT;
				GENERATE_INFOPLIST_FILE = YES;
				INFOPLIST_FILE = QRCodeCreaterAndReader/App/Plists/Info.plist;
				INFOPLIST_KEY_UIApplicationSupportsIndirectInputEvents = YES;
				INFOPLIST_KEY_UILaunchStoryboardName = LaunchScreen;
				INFOPLIST_KEY_UIMainStoryboardFile = Main;
				INFOPLIST_KEY_UISupportedInterfaceOrientations_iPad = "UIInterfaceOrientationPortrait UIInterfaceOrientationPortraitUpsideDown UIInterfaceOrientationLandscapeLeft UIInterfaceOrientationLandscapeRight";
				INFOPLIST_KEY_UISupportedInterfaceOrientations_iPhone = "UIInterfaceOrientationPortrait UIInterfaceOrientationLandscapeLeft UIInterfaceOrientationLandscapeRight";
				LD_RUNPATH_SEARCH_PATHS = (
					"$(inherited)",
					"@executable_path/Frameworks",
				);
				MARKETING_VERSION = 1.0;
				PRODUCT_BUNDLE_IDENTIFIER = com.barkinsungu.QRCodeCreaterAndReader;
				PRODUCT_NAME = "$(TARGET_NAME)";
				SWIFT_EMIT_LOC_STRINGS = YES;
				SWIFT_VERSION = 5.0;
				TARGETED_DEVICE_FAMILY = "1,2";
			};
			name = Release;
		};
/* End XCBuildConfiguration section */

/* Begin XCConfigurationList section */
		DAED9FB92B2856DA00A6D246 /* Build configuration list for PBXProject "QRCodeCreaterAndReader" */ = {
			isa = XCConfigurationList;
			buildConfigurations = (
				DAED9FD02B2856DE00A6D246 /* Debug */,
				DAED9FD12B2856DE00A6D246 /* Release */,
			);
			defaultConfigurationIsVisible = 0;
			defaultConfigurationName = Release;
		};
		DAED9FD22B2856DE00A6D246 /* Build configuration list for PBXNativeTarget "QRCodeCreaterAndReader" */ = {
			isa = XCConfigurationList;
			buildConfigurations = (
				DAED9FD32B2856DE00A6D246 /* Debug */,
				DAED9FD42B2856DE00A6D246 /* Release */,
			);
			defaultConfigurationIsVisible = 0;
			defaultConfigurationName = Release;
		};
/* End XCConfigurationList section */
	};
	rootObject = DAED9FB62B2856DA00A6D246 /* Project object */;
}
